
Microsoft Visual Studio Solution File, Format Version 12.00
# Visual Studio 15
VisualStudioVersion = 15.0.28307.329
MinimumVisualStudioVersion = 10.0.40219.1
Project("{FAE04EC0-301F-11D3-BF4B-00C04F79EFBC}") = "Forest", "Forest\Forest.csproj", "{93662368-1CAC-4460-A252-CDA724E49AF7}"
EndProject
Project("{FAE04EC0-301F-11D3-BF4B-00C04F79EFBC}") = "Game", "Game\Game.csproj", "{EC5EDE36-CD2F-44FC-92D9-934BD48B2FEE}"
EndProject
Project("{FAE04EC0-301F-11D3-BF4B-00C04F79EFBC}") = "Interface", "Interface\Interface.csproj", "{7B01F567-1B2E-41A3-ACEF-55EAB0F40431}"
EndProject
Global
	GlobalSection(SolutionConfigurationPlatforms) = preSolution
		Debug|Any CPU = Debug|Any CPU
		Release|Any CPU = Release|Any CPU
	EndGlobalSection
	GlobalSection(ProjectConfigurationPlatforms) = postSolution
		{93662368-1CAC-4460-A252-CDA724E49AF7}.Debug|Any CPU.ActiveCfg = Debug|Any CPU
		{93662368-1CAC-4460-A252-CDA724E49AF7}.Debug|Any CPU.Build.0 = Debug|Any CPU
		{93662368-1CAC-4460-A252-CDA724E49AF7}.Release|Any CPU.ActiveCfg = Release|Any CPU
		{93662368-1CAC-4460-A252-CDA724E49AF7}.Release|Any CPU.Build.0 = Release|Any CPU
		{EC5EDE36-CD2F-44FC-92D9-934BD48B2FEE}.Debug|Any CPU.ActiveCfg = Debug|Any CPU
		{EC5EDE36-CD2F-44FC-92D9-934BD48B2FEE}.Debug|Any CPU.Build.0 = Debug|Any CPU
		{EC5EDE36-CD2F-44FC-92D9-934BD48B2FEE}.Release|Any CPU.ActiveCfg = Release|Any CPU
		{EC5EDE36-CD2F-44FC-92D9-934BD48B2FEE}.Release|Any CPU.Build.0 = Release|Any CPU
		{7B01F567-1B2E-41A3-ACEF-55EAB0F40431}.Debug|Any CPU.ActiveCfg = Debug|Any CPU
		{7B01F567-1B2E-41A3-ACEF-55EAB0F40431}.Debug|Any CPU.Build.0 = Debug|Any CPU
		{7B01F567-1B2E-41A3-ACEF-55EAB0F40431}.Release|Any CPU.ActiveCfg = Release|Any CPU
		{7B01F567-1B2E-41A3-ACEF-55EAB0F40431}.Release|Any CPU.Build.0 = Release|Any CPU
	EndGlobalSection
	GlobalSection(SolutionProperties) = preSolution
		HideSolutionNode = FALSE
	EndGlobalSection
	GlobalSection(ExtensibilityGlobals) = postSolution
		SolutionGuid = {5B675B86-6A17-47CF-A7B1-098D43FC882A}
	EndGlobalSection
EndGlobal
